// !$*UTF8*$!
{
	archiveVersion = 1;
	classes = {
	};
	objectVersion = 55;
	objects = {

/* Begin PBXBuildFile section */
		6916EF9B2743541400F4A784 /* HugOrCompressVC.swift in Sources */ = {isa = PBXBuildFile; fileRef = 6916EF9A2743541400F4A784 /* HugOrCompressVC.swift */; };
		6916EF9D2743542400F4A784 /* SamplePresentVC.swift in Sources */ = {isa = PBXBuildFile; fileRef = 6916EF9C2743542400F4A784 /* SamplePresentVC.swift */; };
		6916EF9F27439F4000F4A784 /* BaseViewController.swift in Sources */ = {isa = PBXBuildFile; fileRef = 6916EF9E27439F3F00F4A784 /* BaseViewController.swift */; };
		69C42A442730CEA40017C964 /* AppDelegate.swift in Sources */ = {isa = PBXBuildFile; fileRef = 69C42A432730CEA40017C964 /* AppDelegate.swift */; };
		69C42A462730CEA40017C964 /* SceneDelegate.swift in Sources */ = {isa = PBXBuildFile; fileRef = 69C42A452730CEA40017C964 /* SceneDelegate.swift */; };
		69C42A482730CEA40017C964 /* ViewController.swift in Sources */ = {isa = PBXBuildFile; fileRef = 69C42A472730CEA40017C964 /* ViewController.swift */; };
		69C42A4B2730CEA40017C964 /* Main.storyboard in Resources */ = {isa = PBXBuildFile; fileRef = 69C42A492730CEA40017C964 /* Main.storyboard */; };
		69C42A4D2730CEA70017C964 /* Assets.xcassets in Resources */ = {isa = PBXBuildFile; fileRef = 69C42A4C2730CEA70017C964 /* Assets.xcassets */; };
		69C42A502730CEA70017C964 /* LaunchScreen.storyboard in Resources */ = {isa = PBXBuildFile; fileRef = 69C42A4E2730CEA70017C964 /* LaunchScreen.storyboard */; };
		69C42A5B2730CEA70017C964 /* AutoLayoutProjectTests.swift in Sources */ = {isa = PBXBuildFile; fileRef = 69C42A5A2730CEA70017C964 /* AutoLayoutProjectTests.swift */; };
		69C42A652730CEA70017C964 /* AutoLayoutProjectUITests.swift in Sources */ = {isa = PBXBuildFile; fileRef = 69C42A642730CEA70017C964 /* AutoLayoutProjectUITests.swift */; };
		69C42A672730CEA70017C964 /* AutoLayoutProjectUITestsLaunchTests.swift in Sources */ = {isa = PBXBuildFile; fileRef = 69C42A662730CEA70017C964 /* AutoLayoutProjectUITestsLaunchTests.swift */; };
/* End PBXBuildFile section */

/* Begin PBXContainerItemProxy section */
		69C42A572730CEA70017C964 /* PBXContainerItemProxy */ = {
			isa = PBXContainerItemProxy;
			containerPortal = 69C42A382730CEA40017C964 /* Project object */;
			proxyType = 1;
			remoteGlobalIDString = 69C42A3F2730CEA40017C964;
			remoteInfo = AutoLayoutProject;
		};
		69C42A612730CEA70017C964 /* PBXContainerItemProxy */ = {
			isa = PBXContainerItemProxy;
			containerPortal = 69C42A382730CEA40017C964 /* Project object */;
			proxyType = 1;
			remoteGlobalIDString = 69C42A3F2730CEA40017C964;
			remoteInfo = AutoLayoutProject;
		};
/* End PBXContainerItemProxy section */

/* Begin PBXFileReference section */
		6916EF9A2743541400F4A784 /* HugOrCompressVC.swift */ = {isa = PBXFileReference; lastKnownFileType = sourcecode.swift; path = HugOrCompressVC.swift; sourceTree = "<group>"; };
		6916EF9C2743542400F4A784 /* SamplePresentVC.swift */ = {isa = PBXFileReference; lastKnownFileType = sourcecode.swift; path = SamplePresentVC.swift; sourceTree = "<group>"; };
		6916EF9E27439F3F00F4A784 /* BaseViewController.swift */ = {isa = PBXFileReference; lastKnownFileType = sourcecode.swift; path = BaseViewController.swift; sourceTree = "<group>"; };
		69C42A402730CEA40017C964 /* AutoLayoutProject.app */ = {isa = PBXFileReference; explicitFileType = wrapper.application; includeInIndex = 0; path = AutoLayoutProject.app; sourceTree = BUILT_PRODUCTS_DIR; };
		69C42A432730CEA40017C964 /* AppDelegate.swift */ = {isa = PBXFileReference; lastKnownFileType = sourcecode.swift; path = AppDelegate.swift; sourceTree = "<group>"; };
		69C42A452730CEA40017C964 /* SceneDelegate.swift */ = {isa = PBXFileReference; lastKnownFileType = sourcecode.swift; path = SceneDelegate.swift; sourceTree = "<group>"; };
		69C42A472730CEA40017C964 /* ViewController.swift */ = {isa = PBXFileReference; lastKnownFileType = sourcecode.swift; path = ViewController.swift; sourceTree = "<group>"; };
		69C42A4A2730CEA40017C964 /* Base */ = {isa = PBXFileReference; lastKnownFileType = file.storyboard; name = Base; path = Base.lproj/Main.storyboard; sourceTree = "<group>"; };
		69C42A4C2730CEA70017C964 /* Assets.xcassets */ = {isa = PBXFileReference; lastKnownFileType = folder.assetcatalog; path = Assets.xcassets; sourceTree = "<group>"; };
		69C42A4F2730CEA70017C964 /* Base */ = {isa = PBXFileReference; lastKnownFileType = file.storyboard; name = Base; path = Base.lproj/LaunchScreen.storyboard; sourceTree = "<group>"; };
		69C42A512730CEA70017C964 /* Info.plist */ = {isa = PBXFileReference; lastKnownFileType = text.plist.xml; path = Info.plist; sourceTree = "<group>"; };
		69C42A562730CEA70017C964 /* AutoLayoutProjectTests.xctest */ = {isa = PBXFileReference; explicitFileType = wrapper.cfbundle; includeInIndex = 0; path = AutoLayoutProjectTests.xctest; sourceTree = BUILT_PRODUCTS_DIR; };
		69C42A5A2730CEA70017C964 /* AutoLayoutProjectTests.swift */ = {isa = PBXFileReference; lastKnownFileType = sourcecode.swift; path = AutoLayoutProjectTests.swift; sourceTree = "<group>"; };
		69C42A602730CEA70017C964 /* AutoLayoutProjectUITests.xctest */ = {isa = PBXFileReference; explicitFileType = wrapper.cfbundle; includeInIndex = 0; path = AutoLayoutProjectUITests.xctest; sourceTree = BUILT_PRODUCTS_DIR; };
		69C42A642730CEA70017C964 /* AutoLayoutProjectUITests.swift */ = {isa = PBXFileReference; lastKnownFileType = sourcecode.swift; path = AutoLayoutProjectUITests.swift; sourceTree = "<group>"; };
		69C42A662730CEA70017C964 /* AutoLayoutProjectUITestsLaunchTests.swift */ = {isa = PBXFileReference; lastKnownFileType = sourcecode.swift; path = AutoLayoutProjectUITestsLaunchTests.swift; sourceTree = "<group>"; };
/* End PBXFileReference section */

/* Begin PBXFrameworksBuildPhase section */
		69C42A3D2730CEA40017C964 /* Frameworks */ = {
			isa = PBXFrameworksBuildPhase;
			buildActionMask = 2147483647;
			files = (
			);
			runOnlyForDeploymentPostprocessing = 0;
		};
		69C42A532730CEA70017C964 /* Frameworks */ = {
			isa = PBXFrameworksBuildPhase;
			buildActionMask = 2147483647;
			files = (
			);
			runOnlyForDeploymentPostprocessing = 0;
		};
		69C42A5D2730CEA70017C964 /* Frameworks */ = {
			isa = PBXFrameworksBuildPhase;
			buildActionMask = 2147483647;
			files = (
			);
			runOnlyForDeploymentPostprocessing = 0;
		};
/* End PBXFrameworksBuildPhase section */

/* Begin PBXGroup section */
		69C42A372730CEA40017C964 = {
			isa = PBXGroup;
			children = (
				69C42A422730CEA40017C964 /* AutoLayoutProject */,
				69C42A592730CEA70017C964 /* AutoLayoutProjectTests */,
				69C42A632730CEA70017C964 /* AutoLayoutProjectUITests */,
				69C42A412730CEA40017C964 /* Products */,
			);
			sourceTree = "<group>";
		};
		69C42A412730CEA40017C964 /* Products */ = {
			isa = PBXGroup;
			children = (
				69C42A402730CEA40017C964 /* AutoLayoutProject.app */,
				69C42A562730CEA70017C964 /* AutoLayoutProjectTests.xctest */,
				69C42A602730CEA70017C964 /* AutoLayoutProjectUITests.xctest */,
			);
			name = Products;
			sourceTree = "<group>";
		};
		69C42A422730CEA40017C964 /* AutoLayoutProject */ = {
			isa = PBXGroup;
			children = (
				69C42A432730CEA40017C964 /* AppDelegate.swift */,
				69C42A452730CEA40017C964 /* SceneDelegate.swift */,
				69C42A472730CEA40017C964 /* ViewController.swift */,
				69C42A492730CEA40017C964 /* Main.storyboard */,
				69C42A4C2730CEA70017C964 /* Assets.xcassets */,
				69C42A4E2730CEA70017C964 /* LaunchScreen.storyboard */,
				69C42A512730CEA70017C964 /* Info.plist */,
				6916EF9A2743541400F4A784 /* HugOrCompressVC.swift */,
				6916EF9C2743542400F4A784 /* SamplePresentVC.swift */,
				6916EF9E27439F3F00F4A784 /* BaseViewController.swift */,
			);
			path = AutoLayoutProject;
			sourceTree = "<group>";
		};
		69C42A592730CEA70017C964 /* AutoLayoutProjectTests */ = {
			isa = PBXGroup;
			children = (
				69C42A5A2730CEA70017C964 /* AutoLayoutProjectTests.swift */,
			);
			path = AutoLayoutProjectTests;
			sourceTree = "<group>";
		};
		69C42A632730CEA70017C964 /* AutoLayoutProjectUITests */ = {
			isa = PBXGroup;
			children = (
				69C42A642730CEA70017C964 /* AutoLayoutProjectUITests.swift */,
				69C42A662730CEA70017C964 /* AutoLayoutProjectUITestsLaunchTests.swift */,
			);
			path = AutoLayoutProjectUITests;
			sourceTree = "<group>";
		};
/* End PBXGroup section */

/* Begin PBXNativeTarget section */
		69C42A3F2730CEA40017C964 /* AutoLayoutProject */ = {
			isa = PBXNativeTarget;
			buildConfigurationList = 69C42A6A2730CEA70017C964 /* Build configuration list for PBXNativeTarget "AutoLayoutProject" */;
			buildPhases = (
				69C42A3C2730CEA40017C964 /* Sources */,
				69C42A3D2730CEA40017C964 /* Frameworks */,
				69C42A3E2730CEA40017C964 /* Resources */,
			);
			buildRules = (
			);
			dependencies = (
			);
			name = AutoLayoutProject;
			productName = AutoLayoutProject;
			productReference = 69C42A402730CEA40017C964 /* AutoLayoutProject.app */;
			productType = "com.apple.product-type.application";
		};
		69C42A552730CEA70017C964 /* AutoLayoutProjectTests */ = {
			isa = PBXNativeTarget;
			buildConfigurationList = 69C42A6D2730CEA70017C964 /* Build configuration list for PBXNativeTarget "AutoLayoutProjectTests" */;
			buildPhases = (
				69C42A522730CEA70017C964 /* Sources */,
				69C42A532730CEA70017C964 /* Frameworks */,
				69C42A542730CEA70017C964 /* Resources */,
			);
			buildRules = (
			);
			dependencies = (
				69C42A582730CEA70017C964 /* PBXTargetDependency */,
			);
			name = AutoLayoutProjectTests;
			productName = AutoLayoutProjectTests;
			productReference = 69C42A562730CEA70017C964 /* AutoLayoutProjectTests.xctest */;
			productType = "com.apple.product-type.bundle.unit-test";
		};
		69C42A5F2730CEA70017C964 /* AutoLayoutProjectUITests */ = {
			isa = PBXNativeTarget;
			buildConfigurationList = 69C42A702730CEA70017C964 /* Build configuration list for PBXNativeTarget "AutoLayoutProjectUITests" */;
			buildPhases = (
				69C42A5C2730CEA70017C964 /* Sources */,
				69C42A5D2730CEA70017C964 /* Frameworks */,
				69C42A5E2730CEA70017C964 /* Resources */,
			);
			buildRules = (
			);
			dependencies = (
				69C42A622730CEA70017C964 /* PBXTargetDependency */,
			);
			name = AutoLayoutProjectUITests;
			productName = AutoLayoutProjectUITests;
			productReference = 69C42A602730CEA70017C964 /* AutoLayoutProjectUITests.xctest */;
			productType = "com.apple.product-type.bundle.ui-testing";
		};
/* End PBXNativeTarget section */

/* Begin PBXProject section */
		69C42A382730CEA40017C964 /* Project object */ = {
			isa = PBXProject;
			attributes = {
				BuildIndependentTargetsInParallel = 1;
				LastSwiftUpdateCheck = 1300;
				LastUpgradeCheck = 1300;
				TargetAttributes = {
					69C42A3F2730CEA40017C964 = {
						CreatedOnToolsVersion = 13.0;
					};
					69C42A552730CEA70017C964 = {
						CreatedOnToolsVersion = 13.0;
						TestTargetID = 69C42A3F2730CEA40017C964;
					};
					69C42A5F2730CEA70017C964 = {
						CreatedOnToolsVersion = 13.0;
						TestTargetID = 69C42A3F2730CEA40017C964;
					};
				};
			};
			buildConfigurationList = 69C42A3B2730CEA40017C964 /* Build configuration list for PBXProject "AutoLayoutProject" */;
			compatibilityVersion = "Xcode 13.0";
			developmentRegion = en;
			hasScannedForEncodings = 0;
			knownRegions = (
				en,
				Base,
			);
			mainGroup = 69C42A372730CEA40017C964;
			productRefGroup = 69C42A412730CEA40017C964 /* Products */;
			projectDirPath = "";
			projectRoot = "";
			targets = (
				69C42A3F2730CEA40017C964 /* AutoLayoutProject */,
				69C42A552730CEA70017C964 /* AutoLayoutProjectTests */,
				69C42A5F2730CEA70017C964 /* AutoLayoutProjectUITests */,
			);
		};
/* End PBXProject section */

/* Begin PBXResourcesBuildPhase section */
		69C42A3E2730CEA40017C964 /* Resources */ = {
			isa = PBXResourcesBuildPhase;
			buildActionMask = 2147483647;
			files = (
				69C42A502730CEA70017C964 /* LaunchScreen.storyboard in Resources */,
				69C42A4D2730CEA70017C964 /* Assets.xcassets in Resources */,
				69C42A4B2730CEA40017C964 /* Main.storyboard in Resources */,
			);
			runOnlyForDeploymentPostprocessing = 0;
		};
		69C42A542730CEA70017C964 /* Resources */ = {
			isa = PBXResourcesBuildPhase;
			buildActionMask = 2147483647;
			files = (
			);
			runOnlyForDeploymentPostprocessing = 0;
		};
		69C42A5E2730CEA70017C964 /* Resources */ = {
			isa = PBXResourcesBuildPhase;
			buildActionMask = 2147483647;
			files = (
			);
			runOnlyForDeploymentPostprocessing = 0;
		};
/* End PBXResourcesBuildPhase section */

/* Begin PBXSourcesBuildPhase section */
		69C42A3C2730CEA40017C964 /* Sources */ = {
			isa = PBXSourcesBuildPhase;
			buildActionMask = 2147483647;
			files = (
				6916EF9D2743542400F4A784 /* SamplePresentVC.swift in Sources */,
				69C42A482730CEA40017C964 /* ViewController.swift in Sources */,
				69C42A442730CEA40017C964 /* AppDelegate.swift in Sources */,
				69C42A462730CEA40017C964 /* SceneDelegate.swift in Sources */,
				6916EF9B2743541400F4A784 /* HugOrCompressVC.swift in Sources */,
				6916EF9F27439F4000F4A784 /* BaseViewController.swift in Sources */,
			);
			runOnlyForDeploymentPostprocessing = 0;
		};
		69C42A522730CEA70017C964 /* Sources */ = {
			isa = PBXSourcesBuildPhase;
			buildActionMask = 2147483647;
			files = (
				69C42A5B2730CEA70017C964 /* AutoLayoutProjectTests.swift in Sources */,
			);
			runOnlyForDeploymentPostprocessing = 0;
		};
		69C42A5C2730CEA70017C964 /* Sources */ = {
			isa = PBXSourcesBuildPhase;
			buildActionMask = 2147483647;
			files = (
				69C42A652730CEA70017C964 /* AutoLayoutProjectUITests.swift in Sources */,
				69C42A672730CEA70017C964 /* AutoLayoutProjectUITestsLaunchTests.swift in Sources */,
			);
			runOnlyForDeploymentPostprocessing = 0;
		};
/* End PBXSourcesBuildPhase section */

/* Begin PBXTargetDependency section */
		69C42A582730CEA70017C964 /* PBXTargetDependency */ = {
			isa = PBXTargetDependency;
			target = 69C42A3F2730CEA40017C964 /* AutoLayoutProject */;
			targetProxy = 69C42A572730CEA70017C964 /* PBXContainerItemProxy */;
		};
		69C42A622730CEA70017C964 /* PBXTargetDependency */ = {
			isa = PBXTargetDependency;
			target = 69C42A3F2730CEA40017C964 /* AutoLayoutProject */;
			targetProxy = 69C42A612730CEA70017C964 /* PBXContainerItemProxy */;
		};
/* End PBXTargetDependency section */

/* Begin PBXVariantGroup section */
		69C42A492730CEA40017C964 /* Main.storyboard */ = {
			isa = PBXVariantGroup;
			children = (
				69C42A4A2730CEA40017C964 /* Base */,
			);
			name = Main.storyboard;
			sourceTree = "<group>";
		};
		69C42A4E2730CEA70017C964 /* LaunchScreen.storyboard */ = {
			isa = PBXVariantGroup;
			children = (
				69C42A4F2730CEA70017C964 /* Base */,
			);
			name = LaunchScreen.storyboard;
			sourceTree = "<group>";
		};
/* End PBXVariantGroup section */

/* Begin XCBuildConfiguration section */
		69C42A682730CEA70017C964 /* Debug */ = {
			isa = XCBuildConfiguration;
			buildSettings = {
				ALWAYS_SEARCH_USER_PATHS = NO;
				CLANG_ANALYZER_NONNULL = YES;
				CLANG_ANALYZER_NUMBER_OBJECT_CONVERSION = YES_AGGRESSIVE;
				CLANG_CXX_LANGUAGE_STANDARD = "gnu++17";
				CLANG_CXX_LIBRARY = "libc++";
				CLANG_ENABLE_MODULES = YES;
				CLANG_ENABLE_OBJC_ARC = YES;
				CLANG_ENABLE_OBJC_WEAK = YES;
				CLANG_WARN_BLOCK_CAPTURE_AUTORELEASING = YES;
				CLANG_WARN_BOOL_CONVERSION = YES;
				CLANG_WARN_COMMA = YES;
				CLANG_WARN_CONSTANT_CONVERSION = YES;
				CLANG_WARN_DEPRECATED_OBJC_IMPLEMENTATIONS = YES;
				CLANG_WARN_DIRECT_OBJC_ISA_USAGE = YES_ERROR;
				CLANG_WARN_DOCUMENTATION_COMMENTS = YES;
				CLANG_WARN_EMPTY_BODY = YES;
				CLANG_WARN_ENUM_CONVERSION = YES;
				CLANG_WARN_INFINITE_RECURSION = YES;
				CLANG_WARN_INT_CONVERSION = YES;
				CLANG_WARN_NON_LITERAL_NULL_CONVERSION = YES;
				CLANG_WARN_OBJC_IMPLICIT_RETAIN_SELF = YES;
				CLANG_WARN_OBJC_LITERAL_CONVERSION = YES;
				CLANG_WARN_OBJC_ROOT_CLASS = YES_ERROR;
				CLANG_WARN_QUOTED_INCLUDE_IN_FRAMEWORK_HEADER = YES;
				CLANG_WARN_RANGE_LOOP_ANALYSIS = YES;
				CLANG_WARN_STRICT_PROTOTYPES = YES;
				CLANG_WARN_SUSPICIOUS_MOVE = YES;
				CLANG_WARN_UNGUARDED_AVAILABILITY = YES_AGGRESSIVE;
				CLANG_WARN_UNREACHABLE_CODE = YES;
				CLANG_WARN__DUPLICATE_METHOD_MATCH = YES;
				COPY_PHASE_STRIP = NO;
				DEBUG_INFORMATION_FORMAT = dwarf;
				ENABLE_STRICT_OBJC_MSGSEND = YES;
				ENABLE_TESTABILITY = YES;
				GCC_C_LANGUAGE_STANDARD = gnu11;
				GCC_DYNAMIC_NO_PIC = NO;
				GCC_NO_COMMON_BLOCKS = YES;
				GCC_OPTIMIZATION_LEVEL = 0;
				GCC_PREPROCESSOR_DEFINITIONS = (
					"DEBUG=1",
					"$(inherited)",
				);
				GCC_WARN_64_TO_32_BIT_CONVERSION = YES;
				GCC_WARN_ABOUT_RETURN_TYPE = YES_ERROR;
				GCC_WARN_UNDECLARED_SELECTOR = YES;
				GCC_WARN_UNINITIALIZED_AUTOS = YES_AGGRESSIVE;
				GCC_WARN_UNUSED_FUNCTION = YES;
				GCC_WARN_UNUSED_VARIABLE = YES;
				IPHONEOS_DEPLOYMENT_TARGET = 15.0;
				MTL_ENABLE_DEBUG_INFO = INCLUDE_SOURCE;
				MTL_FAST_MATH = YES;
				ONLY_ACTIVE_ARCH = YES;
				SDKROOT = iphoneos;
				SWIFT_ACTIVE_COMPILATION_CONDITIONS = DEBUG;
				SWIFT_OPTIMIZATION_LEVEL = "-Onone";
			};
			name = Debug;
		};
		69C42A692730CEA70017C964 /* Release */ = {
			isa = XCBuildConfiguration;
			buildSettings = {
				ALWAYS_SEARCH_USER_PATHS = NO;
				CLANG_ANALYZER_NONNULL = YES;
				CLANG_ANALYZER_NUMBER_OBJECT_CONVERSION = YES_AGGRESSIVE;
				CLANG_CXX_LANGUAGE_STANDARD = "gnu++17";
				CLANG_CXX_LIBRARY = "libc++";
				CLANG_ENABLE_MODULES = YES;
				CLANG_ENABLE_OBJC_ARC = YES;
				CLANG_ENABLE_OBJC_WEAK = YES;
				CLANG_WARN_BLOCK_CAPTURE_AUTORELEASING = YES;
				CLANG_WARN_BOOL_CONVERSION = YES;
				CLANG_WARN_COMMA = YES;
				CLANG_WARN_CONSTANT_CONVERSION = YES;
				CLANG_WARN_DEPRECATED_OBJC_IMPLEMENTATIONS = YES;
				CLANG_WARN_DIRECT_OBJC_ISA_USAGE = YES_ERROR;
				CLANG_WARN_DOCUMENTATION_COMMENTS = YES;
				CLANG_WARN_EMPTY_BODY = YES;
				CLANG_WARN_ENUM_CONVERSION = YES;
				CLANG_WARN_INFINITE_RECURSION = YES;
				CLANG_WARN_INT_CONVERSION = YES;
				CLANG_WARN_NON_LITERAL_NULL_CONVERSION = YES;
				CLANG_WARN_OBJC_IMPLICIT_RETAIN_SELF = YES;
				CLANG_WARN_OBJC_LITERAL_CONVERSION = YES;
				CLANG_WARN_OBJC_ROOT_CLASS = YES_ERROR;
				CLANG_WARN_QUOTED_INCLUDE_IN_FRAMEWORK_HEADER = YES;
				CLANG_WARN_RANGE_LOOP_ANALYSIS = YES;
				CLANG_WARN_STRICT_PROTOTYPES = YES;
				CLANG_WARN_SUSPICIOUS_MOVE = YES;
				CLANG_WARN_UNGUARDED_AVAILABILITY = YES_AGGRESSIVE;
				CLANG_WARN_UNREACHABLE_CODE = YES;
				CLANG_WARN__DUPLICATE_METHOD_MATCH = YES;
				COPY_PHASE_STRIP = NO;
				DEBUG_INFORMATION_FORMAT = "dwarf-with-dsym";
				ENABLE_NS_ASSERTIONS = NO;
				ENABLE_STRICT_OBJC_MSGSEND = YES;
				GCC_C_LANGUAGE_STANDARD = gnu11;
				GCC_NO_COMMON_BLOCKS = YES;
				GCC_WARN_64_TO_32_BIT_CONVERSION = YES;
				GCC_WARN_ABOUT_RETURN_TYPE = YES_ERROR;
				GCC_WARN_UNDECLARED_SELECTOR = YES;
				GCC_WARN_UNINITIALIZED_AUTOS = YES_AGGRESSIVE;
				GCC_WARN_UNUSED_FUNCTION = YES;
				GCC_WARN_UNUSED_VARIABLE = YES;
				IPHONEOS_DEPLOYMENT_TARGET = 15.0;
				MTL_ENABLE_DEBUG_INFO = NO;
				MTL_FAST_MATH = YES;
				SDKROOT = iphoneos;
				SWIFT_COMPILATION_MODE = wholemodule;
				SWIFT_OPTIMIZATION_LEVEL = "-O";
				VALIDATE_PRODUCT = YES;
			};
			name = Release;
		};
		69C42A6B2730CEA70017C964 /* Debug */ = {
			isa = XCBuildConfiguration;
			buildSettings = {
				ASSETCATALOG_COMPILER_APPICON_NAME = AppIcon;
				ASSETCATALOG_COMPILER_GLOBAL_ACCENT_COLOR_NAME = AccentColor;
				CODE_SIGN_STYLE = Automatic;
				CURRENT_PROJECT_VERSION = 1;
				DEVELOPMENT_TEAM = DFQ74NW97W;
				GENERATE_INFOPLIST_FILE = YES;
				INFOPLIST_FILE = AutoLayoutProject/Info.plist;
				INFOPLIST_KEY_UIApplicationSupportsIndirectInputEvents = YES;
				INFOPLIST_KEY_UILaunchStoryboardName = LaunchScreen;
				INFOPLIST_KEY_UIMainStoryboardFile = Main;
				INFOPLIST_KEY_UISupportedInterfaceOrientations = "UIInterfaceOrientationPortrait UIInterfaceOrientationPortraitUpsideDown UIInterfaceOrientationLandscapeLeft UIInterfaceOrientationLandscapeRight";
				INFOPLIST_KEY_UISupportedInterfaceOrientations_iPad = "UIInterfaceOrientationPortrait UIInterfaceOrientationPortraitUpsideDown UIInterfaceOrientationLandscapeLeft UIInterfaceOrientationLandscapeRight";
				INFOPLIST_KEY_UISupportedInterfaceOrientations_iPhone = "UIInterfaceOrientationPortrait UIInterfaceOrientationLandscapeLeft UIInterfaceOrientationLandscapeRight";
				LD_RUNPATH_SEARCH_PATHS = (
					"$(inherited)",
					"@executable_path/Frameworks",
				);
				MARKETING_VERSION = 1.0;
				PRODUCT_BUNDLE_IDENTIFIER = con.jeroldliu.AutoLayoutProject;
				PRODUCT_NAME = "$(TARGET_NAME)";
				SWIFT_EMIT_LOC_STRINGS = YES;
				SWIFT_VERSION = 5.0;
				TARGETED_DEVICE_FAMILY = "1,2";
			};
			name = Debug;
		};
		69C42A6C2730CEA70017C964 /* Release */ = {
			isa = XCBuildConfiguration;
			buildSettings = {
				ASSETCATALOG_COMPILER_APPICON_NAME = AppIcon;
				ASSETCATALOG_COMPILER_GLOBAL_ACCENT_COLOR_NAME = AccentColor;
				CODE_SIGN_STYLE = Automatic;
				CURRENT_PROJECT_VERSION = 1;
				DEVELOPMENT_TEAM = DFQ74NW97W;
				GENERATE_INFOPLIST_FILE = YES;
				INFOPLIST_FILE = AutoLayoutProject/Info.plist;
				INFOPLIST_KEY_UIApplicationSupportsIndirectInputEvents = YES;
				INFOPLIST_KEY_UILaunchStoryboardName = LaunchScreen;
				INFOPLIST_KEY_UIMainStoryboardFile = Main;
				INFOPLIST_KEY_UISupportedInterfaceOrientations = "UIInterfaceOrientationPortrait UIInterfaceOrientationPortraitUpsideDown UIInterfaceOrientationLandscapeLeft UIInterfaceOrientationLandscapeRight";
				INFOPLIST_KEY_UISupportedInterfaceOrientations_iPad = "UIInterfaceOrientationPortrait UIInterfaceOrientationPortraitUpsideDown UIInterfaceOrientationLandscapeLeft UIInterfaceOrientationLandscapeRight";
				INFOPLIST_KEY_UISupportedInterfaceOrientations_iPhone = "UIInterfaceOrientationPortrait UIInterfaceOrientationLandscapeLeft UIInterfaceOrientationLandscapeRight";
				LD_RUNPATH_SEARCH_PATHS = (
					"$(inherited)",
					"@executable_path/Frameworks",
				);
				MARKETING_VERSION = 1.0;
				PRODUCT_BUNDLE_IDENTIFIER = con.jeroldliu.AutoLayoutProject;
				PRODUCT_NAME = "$(TARGET_NAME)";
				SWIFT_EMIT_LOC_STRINGS = YES;
				SWIFT_VERSION = 5.0;
				TARGETED_DEVICE_FAMILY = "1,2";
			};
			name = Release;
		};
		69C42A6E2730CEA70017C964 /* Debug */ = {
			isa = XCBuildConfiguration;
			buildSettings = {
				ALWAYS_EMBED_SWIFT_STANDARD_LIBRARIES = YES;
				BUNDLE_LOADER = "$(TEST_HOST)";
				CODE_SIGN_STYLE = Automatic;
				CURRENT_PROJECT_VERSION = 1;
				DEVELOPMENT_TEAM = DFQ74NW97W;
				GENERATE_INFOPLIST_FILE = YES;
				IPHONEOS_DEPLOYMENT_TARGET = 15.0;
				LD_RUNPATH_SEARCH_PATHS = (
					"$(inherited)",
					"@executable_path/Frameworks",
					"@loader_path/Frameworks",
				);
				MARKETING_VERSION = 1.0;
				PRODUCT_BUNDLE_IDENTIFIER = con.jeroldliu.AutoLayoutProjectTests;
				PRODUCT_NAME = "$(TARGET_NAME)";
				SWIFT_EMIT_LOC_STRINGS = NO;
				SWIFT_VERSION = 5.0;
				TARGETED_DEVICE_FAMILY = "1,2";
				TEST_HOST = "$(BUILT_PRODUCTS_DIR)/AutoLayoutProject.app/AutoLayoutProject";
			};
			name = Debug;
		};
		69C42A6F2730CEA70017C964 /* Release */ = {
			isa = XCBuildConfiguration;
			buildSettings = {
				ALWAYS_EMBED_SWIFT_STANDARD_LIBRARIES = YES;
				BUNDLE_LOADER = "$(TEST_HOST)";
				CODE_SIGN_STYLE = Automatic;
				CURRENT_PROJECT_VERSION = 1;
				DEVELOPMENT_TEAM = DFQ74NW97W;
				GENERATE_INFOPLIST_FILE = YES;
				IPHONEOS_DEPLOYMENT_TARGET = 15.0;
				LD_RUNPATH_SEARCH_PATHS = (
					"$(inherited)",
					"@executable_path/Frameworks",
					"@loader_path/Frameworks",
				);
				MARKETING_VERSION = 1.0;
				PRODUCT_BUNDLE_IDENTIFIER = con.jeroldliu.AutoLayoutProjectTests;
				PRODUCT_NAME = "$(TARGET_NAME)";
				SWIFT_EMIT_LOC_STRINGS = NO;
				SWIFT_VERSION = 5.0;
				TARGETED_DEVICE_FAMILY = "1,2";
				TEST_HOST = "$(BUILT_PRODUCTS_DIR)/AutoLayoutProject.app/AutoLayoutProject";
			};
			name = Release;
		};
		69C42A712730CEA70017C964 /* Debug */ = {
			isa = XCBuildConfiguration;
			buildSettings = {
				ALWAYS_EMBED_SWIFT_STANDARD_LIBRARIES = YES;
				CODE_SIGN_STYLE = Automatic;
				CURRENT_PROJECT_VERSION = 1;
				DEVELOPMENT_TEAM = DFQ74NW97W;
				GENERATE_INFOPLIST_FILE = YES;
				LD_RUNPATH_SEARCH_PATHS = (
					"$(inherited)",
					"@executable_path/Frameworks",
					"@loader_path/Frameworks",
				);
				MARKETING_VERSION = 1.0;
				PRODUCT_BUNDLE_IDENTIFIER = con.jeroldliu.AutoLayoutProjectUITests;
				PRODUCT_NAME = "$(TARGET_NAME)";
				SWIFT_EMIT_LOC_STRINGS = NO;
				SWIFT_VERSION = 5.0;
				TARGETED_DEVICE_FAMILY = "1,2";
				TEST_TARGET_NAME = AutoLayoutProject;
			};
			name = Debug;
		};
		69C42A722730CEA70017C964 /* Release */ = {
			isa = XCBuildConfiguration;
			buildSettings = {
				ALWAYS_EMBED_SWIFT_STANDARD_LIBRARIES = YES;
				CODE_SIGN_STYLE = Automatic;
				CURRENT_PROJECT_VERSION = 1;
				DEVELOPMENT_TEAM = DFQ74NW97W;
				GENERATE_INFOPLIST_FILE = YES;
				LD_RUNPATH_SEARCH_PATHS = (
					"$(inherited)",
					"@executable_path/Frameworks",
					"@loader_path/Frameworks",
				);
				MARKETING_VERSION = 1.0;
				PRODUCT_BUNDLE_IDENTIFIER = con.jeroldliu.AutoLayoutProjectUITests;
				PRODUCT_NAME = "$(TARGET_NAME)";
				SWIFT_EMIT_LOC_STRINGS = NO;
				SWIFT_VERSION = 5.0;
				TARGETED_DEVICE_FAMILY = "1,2";
				TEST_TARGET_NAME = AutoLayoutProject;
			};
			name = Release;
		};
/* End XCBuildConfiguration section */

/* Begin XCConfigurationList section */
		69C42A3B2730CEA40017C964 /* Build configuration list for PBXProject "AutoLayoutProject" */ = {
			isa = XCConfigurationList;
			buildConfigurations = (
				69C42A682730CEA70017C964 /* Debug */,
				69C42A692730CEA70017C964 /* Release */,
			);
			defaultConfigurationIsVisible = 0;
			defaultConfigurationName = Release;
		};
		69C42A6A2730CEA70017C964 /* Build configuration list for PBXNativeTarget "AutoLayoutProject" */ = {
			isa = XCConfigurationList;
			buildConfigurations = (
				69C42A6B2730CEA70017C964 /* Debug */,
				69C42A6C2730CEA70017C964 /* Release */,
			);
			defaultConfigurationIsVisible = 0;
			defaultConfigurationName = Release;
		};
		69C42A6D2730CEA70017C964 /* Build configuration list for PBXNativeTarget "AutoLayoutProjectTests" */ = {
			isa = XCConfigurationList;
			buildConfigurations = (
				69C42A6E2730CEA70017C964 /* Debug */,
				69C42A6F2730CEA70017C964 /* Release */,
			);
			defaultConfigurationIsVisible = 0;
			defaultConfigurationName = Release;
		};
		69C42A702730CEA70017C964 /* Build configuration list for PBXNativeTarget "AutoLayoutProjectUITests" */ = {
			isa = XCConfigurationList;
			buildConfigurations = (
				69C42A712730CEA70017C964 /* Debug */,
				69C42A722730CEA70017C964 /* Release */,
			);
			defaultConfigurationIsVisible = 0;
			defaultConfigurationName = Release;
		};
/* End XCConfigurationList section */
	};
	rootObject = 69C42A382730CEA40017C964 /* Project object */;
}
